// !$*UTF8*$!
{
	archiveVersion = 1;
	classes = {
	};
	objectVersion = 46;
	objects = {

/* Begin PBXBuildFile section */
		4D111E801B79601B00FB06EF /* ShareListViewController.m in Sources */ = {isa = PBXBuildFile; fileRef = 4D111E7F1B79601B00FB06EF /* ShareListViewController.m */; };
		4D11D45C1B58CC1F002D73A0 /* User.m in Sources */ = {isa = PBXBuildFile; fileRef = 4D11D45B1B58CC1F002D73A0 /* User.m */; };
		4D13DBE51B6C28740025B8F7 /* List.m in Sources */ = {isa = PBXBuildFile; fileRef = 4D13DBE41B6C28740025B8F7 /* List.m */; };
		4D13DBE81B6C2A140025B8F7 /* Item.m in Sources */ = {isa = PBXBuildFile; fileRef = 4D13DBE71B6C2A140025B8F7 /* Item.m */; };
		4D14EDCB1B70528000DCFADC /* AddFieldTableViewCell.m in Sources */ = {isa = PBXBuildFile; fileRef = 4D14EDCA1B70528000DCFADC /* AddFieldTableViewCell.m */; };
		4D1797681B700F5800140911 /* TextFieldCell.xib in Resources */ = {isa = PBXBuildFile; fileRef = 4D1797671B700F5800140911 /* TextFieldCell.xib */; };
		4D239A351B6BCA25009DAC63 /* ListView.xib in Resources */ = {isa = PBXBuildFile; fileRef = 4D239A341B6BCA25009DAC63 /* ListView.xib */; };
		4D239A381B6BCA45009DAC63 /* ScrollNavigationViewController.m in Sources */ = {isa = PBXBuildFile; fileRef = 4D239A371B6BCA45009DAC63 /* ScrollNavigationViewController.m */; };
		4D239A3C1B6BCAF8009DAC63 /* ListViewController.m in Sources */ = {isa = PBXBuildFile; fileRef = 4D239A3B1B6BCAF8009DAC63 /* ListViewController.m */; };
		4D2487071B599FB400845722 /* Basic_tick_64.png in Resources */ = {isa = PBXBuildFile; fileRef = 4D2487061B599FB400845722 /* Basic_tick_64.png */; };
		4D3D281B1B558E5C00D12090 /* main.m in Sources */ = {isa = PBXBuildFile; fileRef = 4D3D281A1B558E5C00D12090 /* main.m */; };
		4D3D281E1B558E5C00D12090 /* AppDelegate.m in Sources */ = {isa = PBXBuildFile; fileRef = 4D3D281D1B558E5C00D12090 /* AppDelegate.m */; };
		4D3D28211B558E5C00D12090 /* ListingBot.xcdatamodeld in Sources */ = {isa = PBXBuildFile; fileRef = 4D3D281F1B558E5C00D12090 /* ListingBot.xcdatamodeld */; };
		4D3D28271B558E5C00D12090 /* Main.storyboard in Resources */ = {isa = PBXBuildFile; fileRef = 4D3D28251B558E5C00D12090 /* Main.storyboard */; };
		4D3D28291B558E5C00D12090 /* Images.xcassets in Resources */ = {isa = PBXBuildFile; fileRef = 4D3D28281B558E5C00D12090 /* Images.xcassets */; };
		4D3D282C1B558E5C00D12090 /* LaunchScreen.xib in Resources */ = {isa = PBXBuildFile; fileRef = 4D3D282A1B558E5C00D12090 /* LaunchScreen.xib */; };
		4D3D28381B558E5C00D12090 /* ListingBotTests.m in Sources */ = {isa = PBXBuildFile; fileRef = 4D3D28371B558E5C00D12090 /* ListingBotTests.m */; };
		4D3D28431B55946900D12090 /* ListingsViewController.m in Sources */ = {isa = PBXBuildFile; fileRef = 4D3D28421B55946900D12090 /* ListingsViewController.m */; };
		4D3D28471B55968100D12090 /* Bolts.framework in Frameworks */ = {isa = PBXBuildFile; fileRef = 4D3D28451B55968100D12090 /* Bolts.framework */; };
		4D3D28481B55968100D12090 /* Parse.framework in Frameworks */ = {isa = PBXBuildFile; fileRef = 4D3D28461B55968100D12090 /* Parse.framework */; };
		4D3D284A1B55969E00D12090 /* AudioToolbox.framework in Frameworks */ = {isa = PBXBuildFile; fileRef = 4D3D28491B55969E00D12090 /* AudioToolbox.framework */; };
		4D3D284C1B5596A400D12090 /* CFNetwork.framework in Frameworks */ = {isa = PBXBuildFile; fileRef = 4D3D284B1B5596A400D12090 /* CFNetwork.framework */; };
		4D3D284E1B5596AC00D12090 /* CoreGraphics.framework in Frameworks */ = {isa = PBXBuildFile; fileRef = 4D3D284D1B5596AC00D12090 /* CoreGraphics.framework */; };
		4D3D28501B5596B500D12090 /* CoreLocation.framework in Frameworks */ = {isa = PBXBuildFile; fileRef = 4D3D284F1B5596B500D12090 /* CoreLocation.framework */; };
		4D3D28521B5596BE00D12090 /* MobileCoreServices.framework in Frameworks */ = {isa = PBXBuildFile; fileRef = 4D3D28511B5596BE00D12090 /* MobileCoreServices.framework */; };
		4D3D28541B5596C600D12090 /* QuartzCore.framework in Frameworks */ = {isa = PBXBuildFile; fileRef = 4D3D28531B5596C600D12090 /* QuartzCore.framework */; };
		4D3D28561B5596CD00D12090 /* Security.framework in Frameworks */ = {isa = PBXBuildFile; fileRef = 4D3D28551B5596CD00D12090 /* Security.framework */; };
		4D3D28581B5596D300D12090 /* StoreKit.framework in Frameworks */ = {isa = PBXBuildFile; fileRef = 4D3D28571B5596D300D12090 /* StoreKit.framework */; };
		4D3D285A1B5596DD00D12090 /* SystemConfiguration.framework in Frameworks */ = {isa = PBXBuildFile; fileRef = 4D3D28591B5596DD00D12090 /* SystemConfiguration.framework */; };
		4D3D285C1B5596E700D12090 /* libz.dylib in Frameworks */ = {isa = PBXBuildFile; fileRef = 4D3D285B1B5596E700D12090 /* libz.dylib */; };
		4D3D285E1B5596F200D12090 /* libsqlite3.dylib in Frameworks */ = {isa = PBXBuildFile; fileRef = 4D3D285D1B5596F200D12090 /* libsqlite3.dylib */; };
		4DA748491B6DE8340090A86E /* ItemTableViewCell.xib in Resources */ = {isa = PBXBuildFile; fileRef = 4DA748481B6DE8340090A86E /* ItemTableViewCell.xib */; };
		4DA7484D1B6DE8680090A86E /* ItemsTableViewCell.m in Sources */ = {isa = PBXBuildFile; fileRef = 4DA7484C1B6DE8680090A86E /* ItemsTableViewCell.m */; };
		4DA7484F1B6DEF800090A86E /* SeperatorTableViewCell.xib in Resources */ = {isa = PBXBuildFile; fileRef = 4DA7484E1B6DEF800090A86E /* SeperatorTableViewCell.xib */; };
		4DC8B8791B559FDB003F7777 /* ParseKeys.plist in Resources */ = {isa = PBXBuildFile; fileRef = 4DC8B8781B559FDB003F7777 /* ParseKeys.plist */; };
		4DC8B8851B55AA6A003F7777 /* FirstLaunchViewController.m in Sources */ = {isa = PBXBuildFile; fileRef = 4DC8B8841B55AA6A003F7777 /* FirstLaunchViewController.m */; };
		4DC8B8891B55CAC5003F7777 /* ShareCodeViewController.m in Sources */ = {isa = PBXBuildFile; fileRef = 4DC8B8881B55CAC5003F7777 /* ShareCodeViewController.m */; };
		4DC8B88C1B55E852003F7777 /* InfoViewController.m in Sources */ = {isa = PBXBuildFile; fileRef = 4DC8B88B1B55E852003F7777 /* InfoViewController.m */; };
		4DD0A7CC1B7BE59200F93D27 /* ListSettingsViewController.m in Sources */ = {isa = PBXBuildFile; fileRef = 4DD0A7CB1B7BE59200F93D27 /* ListSettingsViewController.m */; };
/* End PBXBuildFile section */

/* Begin PBXContainerItemProxy section */
		4D3D28321B558E5C00D12090 /* PBXContainerItemProxy */ = {
			isa = PBXContainerItemProxy;
			containerPortal = 4D3D280D1B558E5C00D12090 /* Project object */;
			proxyType = 1;
			remoteGlobalIDString = 4D3D28141B558E5C00D12090;
			remoteInfo = ListingBot;
		};
/* End PBXContainerItemProxy section */

/* Begin PBXFileReference section */
		4D111E7E1B79601B00FB06EF /* ShareListViewController.h */ = {isa = PBXFileReference; fileEncoding = 4; lastKnownFileType = sourcecode.c.h; path = ShareListViewController.h; sourceTree = "<group>"; };
		4D111E7F1B79601B00FB06EF /* ShareListViewController.m */ = {isa = PBXFileReference; fileEncoding = 4; lastKnownFileType = sourcecode.c.objc; path = ShareListViewController.m; sourceTree = "<group>"; };
		4D11D45A1B58CC1F002D73A0 /* User.h */ = {isa = PBXFileReference; fileEncoding = 4; lastKnownFileType = sourcecode.c.h; path = User.h; sourceTree = "<group>"; };
		4D11D45B1B58CC1F002D73A0 /* User.m */ = {isa = PBXFileReference; fileEncoding = 4; lastKnownFileType = sourcecode.c.objc; path = User.m; sourceTree = "<group>"; };
		4D13DBE31B6C28740025B8F7 /* List.h */ = {isa = PBXFileReference; fileEncoding = 4; lastKnownFileType = sourcecode.c.h; path = List.h; sourceTree = "<group>"; };
		4D13DBE41B6C28740025B8F7 /* List.m */ = {isa = PBXFileReference; fileEncoding = 4; lastKnownFileType = sourcecode.c.objc; path = List.m; sourceTree = "<group>"; };
		4D13DBE61B6C2A140025B8F7 /* Item.h */ = {isa = PBXFileReference; fileEncoding = 4; lastKnownFileType = sourcecode.c.h; path = Item.h; sourceTree = "<group>"; };
		4D13DBE71B6C2A140025B8F7 /* Item.m */ = {isa = PBXFileReference; fileEncoding = 4; lastKnownFileType = sourcecode.c.objc; path = Item.m; sourceTree = "<group>"; };
		4D14EDC91B70528000DCFADC /* AddFieldTableViewCell.h */ = {isa = PBXFileReference; fileEncoding = 4; lastKnownFileType = sourcecode.c.h; path = AddFieldTableViewCell.h; sourceTree = "<group>"; };
		4D14EDCA1B70528000DCFADC /* AddFieldTableViewCell.m */ = {isa = PBXFileReference; fileEncoding = 4; lastKnownFileType = sourcecode.c.objc; path = AddFieldTableViewCell.m; sourceTree = "<group>"; };
		4D1797671B700F5800140911 /* TextFieldCell.xib */ = {isa = PBXFileReference; fileEncoding = 4; lastKnownFileType = file.xib; path = TextFieldCell.xib; sourceTree = "<group>"; };
		4D239A341B6BCA25009DAC63 /* ListView.xib */ = {isa = PBXFileReference; fileEncoding = 4; lastKnownFileType = file.xib; path = ListView.xib; sourceTree = "<group>"; };
		4D239A361B6BCA45009DAC63 /* ScrollNavigationViewController.h */ = {isa = PBXFileReference; fileEncoding = 4; lastKnownFileType = sourcecode.c.h; path = ScrollNavigationViewController.h; sourceTree = "<group>"; };
		4D239A371B6BCA45009DAC63 /* ScrollNavigationViewController.m */ = {isa = PBXFileReference; fileEncoding = 4; lastKnownFileType = sourcecode.c.objc; path = ScrollNavigationViewController.m; sourceTree = "<group>"; };
		4D239A3A1B6BCAF8009DAC63 /* ListViewController.h */ = {isa = PBXFileReference; fileEncoding = 4; lastKnownFileType = sourcecode.c.h; path = ListViewController.h; sourceTree = "<group>"; };
		4D239A3B1B6BCAF8009DAC63 /* ListViewController.m */ = {isa = PBXFileReference; fileEncoding = 4; lastKnownFileType = sourcecode.c.objc; path = ListViewController.m; sourceTree = "<group>"; };
		4D2487061B599FB400845722 /* Basic_tick_64.png */ = {isa = PBXFileReference; lastKnownFileType = image.png; path = Basic_tick_64.png; sourceTree = "<group>"; };
		4D3D28151B558E5C00D12090 /* ListingBot.app */ = {isa = PBXFileReference; explicitFileType = wrapper.application; includeInIndex = 0; path = ListingBot.app; sourceTree = BUILT_PRODUCTS_DIR; };
		4D3D28191B558E5C00D12090 /* Info.plist */ = {isa = PBXFileReference; lastKnownFileType = text.plist.xml; path = Info.plist; sourceTree = "<group>"; };
		4D3D281A1B558E5C00D12090 /* main.m */ = {isa = PBXFileReference; lastKnownFileType = sourcecode.c.objc; path = main.m; sourceTree = "<group>"; };
		4D3D281C1B558E5C00D12090 /* AppDelegate.h */ = {isa = PBXFileReference; lastKnownFileType = sourcecode.c.h; path = AppDelegate.h; sourceTree = "<group>"; };
		4D3D281D1B558E5C00D12090 /* AppDelegate.m */ = {isa = PBXFileReference; lastKnownFileType = sourcecode.c.objc; path = AppDelegate.m; sourceTree = "<group>"; };
		4D3D28201B558E5C00D12090 /* ListingBot.xcdatamodel */ = {isa = PBXFileReference; lastKnownFileType = wrapper.xcdatamodel; path = ListingBot.xcdatamodel; sourceTree = "<group>"; };
		4D3D28261B558E5C00D12090 /* Base */ = {isa = PBXFileReference; lastKnownFileType = file.storyboard; name = Base; path = Base.lproj/Main.storyboard; sourceTree = "<group>"; };
		4D3D28281B558E5C00D12090 /* Images.xcassets */ = {isa = PBXFileReference; lastKnownFileType = folder.assetcatalog; path = Images.xcassets; sourceTree = "<group>"; };
		4D3D282B1B558E5C00D12090 /* Base */ = {isa = PBXFileReference; lastKnownFileType = file.xib; name = Base; path = Base.lproj/LaunchScreen.xib; sourceTree = "<group>"; };
		4D3D28311B558E5C00D12090 /* ListingBotTests.xctest */ = {isa = PBXFileReference; explicitFileType = wrapper.cfbundle; includeInIndex = 0; path = ListingBotTests.xctest; sourceTree = BUILT_PRODUCTS_DIR; };
		4D3D28361B558E5C00D12090 /* Info.plist */ = {isa = PBXFileReference; lastKnownFileType = text.plist.xml; path = Info.plist; sourceTree = "<group>"; };
		4D3D28371B558E5C00D12090 /* ListingBotTests.m */ = {isa = PBXFileReference; lastKnownFileType = sourcecode.c.objc; path = ListingBotTests.m; sourceTree = "<group>"; };
		4D3D28411B55946900D12090 /* ListingsViewController.h */ = {isa = PBXFileReference; fileEncoding = 4; lastKnownFileType = sourcecode.c.h; path = ListingsViewController.h; sourceTree = "<group>"; };
		4D3D28421B55946900D12090 /* ListingsViewController.m */ = {isa = PBXFileReference; fileEncoding = 4; lastKnownFileType = sourcecode.c.objc; path = ListingsViewController.m; sourceTree = "<group>"; };
		4D3D28451B55968100D12090 /* Bolts.framework */ = {isa = PBXFileReference; lastKnownFileType = wrapper.framework; path = Bolts.framework; sourceTree = "<group>"; };
		4D3D28461B55968100D12090 /* Parse.framework */ = {isa = PBXFileReference; lastKnownFileType = wrapper.framework; path = Parse.framework; sourceTree = "<group>"; };
		4D3D28491B55969E00D12090 /* AudioToolbox.framework */ = {isa = PBXFileReference; lastKnownFileType = wrapper.framework; name = AudioToolbox.framework; path = System/Library/Frameworks/AudioToolbox.framework; sourceTree = SDKROOT; };
		4D3D284B1B5596A400D12090 /* CFNetwork.framework */ = {isa = PBXFileReference; lastKnownFileType = wrapper.framework; name = CFNetwork.framework; path = System/Library/Frameworks/CFNetwork.framework; sourceTree = SDKROOT; };
		4D3D284D1B5596AC00D12090 /* CoreGraphics.framework */ = {isa = PBXFileReference; lastKnownFileType = wrapper.framework; name = CoreGraphics.framework; path = System/Library/Frameworks/CoreGraphics.framework; sourceTree = SDKROOT; };
		4D3D284F1B5596B500D12090 /* CoreLocation.framework */ = {isa = PBXFileReference; lastKnownFileType = wrapper.framework; name = CoreLocation.framework; path = System/Library/Frameworks/CoreLocation.framework; sourceTree = SDKROOT; };
		4D3D28511B5596BE00D12090 /* MobileCoreServices.framework */ = {isa = PBXFileReference; lastKnownFileType = wrapper.framework; name = MobileCoreServices.framework; path = System/Library/Frameworks/MobileCoreServices.framework; sourceTree = SDKROOT; };
		4D3D28531B5596C600D12090 /* QuartzCore.framework */ = {isa = PBXFileReference; lastKnownFileType = wrapper.framework; name = QuartzCore.framework; path = System/Library/Frameworks/QuartzCore.framework; sourceTree = SDKROOT; };
		4D3D28551B5596CD00D12090 /* Security.framework */ = {isa = PBXFileReference; lastKnownFileType = wrapper.framework; name = Security.framework; path = System/Library/Frameworks/Security.framework; sourceTree = SDKROOT; };
		4D3D28571B5596D300D12090 /* StoreKit.framework */ = {isa = PBXFileReference; lastKnownFileType = wrapper.framework; name = StoreKit.framework; path = System/Library/Frameworks/StoreKit.framework; sourceTree = SDKROOT; };
		4D3D28591B5596DD00D12090 /* SystemConfiguration.framework */ = {isa = PBXFileReference; lastKnownFileType = wrapper.framework; name = SystemConfiguration.framework; path = System/Library/Frameworks/SystemConfiguration.framework; sourceTree = SDKROOT; };
		4D3D285B1B5596E700D12090 /* libz.dylib */ = {isa = PBXFileReference; lastKnownFileType = "compiled.mach-o.dylib"; name = libz.dylib; path = usr/lib/libz.dylib; sourceTree = SDKROOT; };
		4D3D285D1B5596F200D12090 /* libsqlite3.dylib */ = {isa = PBXFileReference; lastKnownFileType = "compiled.mach-o.dylib"; name = libsqlite3.dylib; path = usr/lib/libsqlite3.dylib; sourceTree = SDKROOT; };
		4DA748481B6DE8340090A86E /* ItemTableViewCell.xib */ = {isa = PBXFileReference; fileEncoding = 4; lastKnownFileType = file.xib; path = ItemTableViewCell.xib; sourceTree = "<group>"; };
		4DA7484B1B6DE8680090A86E /* ItemsTableViewCell.h */ = {isa = PBXFileReference; fileEncoding = 4; lastKnownFileType = sourcecode.c.h; path = ItemsTableViewCell.h; sourceTree = "<group>"; };
		4DA7484C1B6DE8680090A86E /* ItemsTableViewCell.m */ = {isa = PBXFileReference; fileEncoding = 4; lastKnownFileType = sourcecode.c.objc; path = ItemsTableViewCell.m; sourceTree = "<group>"; };
		4DA7484E1B6DEF800090A86E /* SeperatorTableViewCell.xib */ = {isa = PBXFileReference; fileEncoding = 4; lastKnownFileType = file.xib; path = SeperatorTableViewCell.xib; sourceTree = "<group>"; };
		4DC8B8781B559FDB003F7777 /* ParseKeys.plist */ = {isa = PBXFileReference; fileEncoding = 4; lastKnownFileType = text.plist.xml; path = ParseKeys.plist; sourceTree = "<group>"; };
		4DC8B8831B55AA6A003F7777 /* FirstLaunchViewController.h */ = {isa = PBXFileReference; fileEncoding = 4; lastKnownFileType = sourcecode.c.h; path = FirstLaunchViewController.h; sourceTree = "<group>"; };
		4DC8B8841B55AA6A003F7777 /* FirstLaunchViewController.m */ = {isa = PBXFileReference; fileEncoding = 4; lastKnownFileType = sourcecode.c.objc; path = FirstLaunchViewController.m; sourceTree = "<group>"; };
		4DC8B8871B55CAC5003F7777 /* ShareCodeViewController.h */ = {isa = PBXFileReference; fileEncoding = 4; lastKnownFileType = sourcecode.c.h; path = ShareCodeViewController.h; sourceTree = "<group>"; };
		4DC8B8881B55CAC5003F7777 /* ShareCodeViewController.m */ = {isa = PBXFileReference; fileEncoding = 4; lastKnownFileType = sourcecode.c.objc; path = ShareCodeViewController.m; sourceTree = "<group>"; };
		4DC8B88A1B55E852003F7777 /* InfoViewController.h */ = {isa = PBXFileReference; fileEncoding = 4; lastKnownFileType = sourcecode.c.h; path = InfoViewController.h; sourceTree = "<group>"; };
		4DC8B88B1B55E852003F7777 /* InfoViewController.m */ = {isa = PBXFileReference; fileEncoding = 4; lastKnownFileType = sourcecode.c.objc; path = InfoViewController.m; sourceTree = "<group>"; };
		4DD0A7CA1B7BE59200F93D27 /* ListSettingsViewController.h */ = {isa = PBXFileReference; fileEncoding = 4; lastKnownFileType = sourcecode.c.h; path = ListSettingsViewController.h; sourceTree = "<group>"; };
		4DD0A7CB1B7BE59200F93D27 /* ListSettingsViewController.m */ = {isa = PBXFileReference; fileEncoding = 4; lastKnownFileType = sourcecode.c.objc; path = ListSettingsViewController.m; sourceTree = "<group>"; };
/* End PBXFileReference section */

/* Begin PBXFrameworksBuildPhase section */
		4D3D28121B558E5C00D12090 /* Frameworks */ = {
			isa = PBXFrameworksBuildPhase;
			buildActionMask = 2147483647;
			files = (
				4D3D285E1B5596F200D12090 /* libsqlite3.dylib in Frameworks */,
				4D3D285C1B5596E700D12090 /* libz.dylib in Frameworks */,
				4D3D285A1B5596DD00D12090 /* SystemConfiguration.framework in Frameworks */,
				4D3D28581B5596D300D12090 /* StoreKit.framework in Frameworks */,
				4D3D28561B5596CD00D12090 /* Security.framework in Frameworks */,
				4D3D28541B5596C600D12090 /* QuartzCore.framework in Frameworks */,
				4D3D28521B5596BE00D12090 /* MobileCoreServices.framework in Frameworks */,
				4D3D28501B5596B500D12090 /* CoreLocation.framework in Frameworks */,
				4D3D284E1B5596AC00D12090 /* CoreGraphics.framework in Frameworks */,
				4D3D284C1B5596A400D12090 /* CFNetwork.framework in Frameworks */,
				4D3D284A1B55969E00D12090 /* AudioToolbox.framework in Frameworks */,
				4D3D28481B55968100D12090 /* Parse.framework in Frameworks */,
				4D3D28471B55968100D12090 /* Bolts.framework in Frameworks */,
			);
			runOnlyForDeploymentPostprocessing = 0;
		};
		4D3D282E1B558E5C00D12090 /* Frameworks */ = {
			isa = PBXFrameworksBuildPhase;
			buildActionMask = 2147483647;
			files = (
			);
			runOnlyForDeploymentPostprocessing = 0;
		};
/* End PBXFrameworksBuildPhase section */

/* Begin PBXGroup section */
		4D1466061B575E16007DB911 /* Custom Objects */ = {
			isa = PBXGroup;
			children = (
				4D11D45A1B58CC1F002D73A0 /* User.h */,
				4D11D45B1B58CC1F002D73A0 /* User.m */,
				4D13DBE31B6C28740025B8F7 /* List.h */,
				4D13DBE41B6C28740025B8F7 /* List.m */,
				4D13DBE61B6C2A140025B8F7 /* Item.h */,
				4D13DBE71B6C2A140025B8F7 /* Item.m */,
			);
			name = "Custom Objects";
			sourceTree = "<group>";
		};
		4D239A331B6BC968009DAC63 /* Scroll Navigation */ = {
			isa = PBXGroup;
			children = (
				4D239A391B6BCAE4009DAC63 /* Embedded Views */,
				4DD0A7C61B7BDA9F00F93D27 /* Supporting Views */,
				4D239A361B6BCA45009DAC63 /* ScrollNavigationViewController.h */,
				4D239A371B6BCA45009DAC63 /* ScrollNavigationViewController.m */,
			);
			name = "Scroll Navigation";
			sourceTree = "<group>";
		};
		4D239A391B6BCAE4009DAC63 /* Embedded Views */ = {
			isa = PBXGroup;
			children = (
				4DA7484A1B6DE83D0090A86E /* TableViewCells */,
				4D239A341B6BCA25009DAC63 /* ListView.xib */,
				4D239A3A1B6BCAF8009DAC63 /* ListViewController.h */,
				4D239A3B1B6BCAF8009DAC63 /* ListViewController.m */,
			);
			name = "Embedded Views";
			sourceTree = "<group>";
		};
		4D2487051B599FA000845722 /* Resources */ = {
			isa = PBXGroup;
			children = (
				4D2487061B599FB400845722 /* Basic_tick_64.png */,
			);
			name = Resources;
			sourceTree = "<group>";
		};
		4D3D280C1B558E5C00D12090 = {
			isa = PBXGroup;
			children = (
				4D3D28171B558E5C00D12090 /* ListingBot */,
				4D3D28341B558E5C00D12090 /* ListingBotTests */,
				4D3D28161B558E5C00D12090 /* Products */,
			);
			sourceTree = "<group>";
		};
		4D3D28161B558E5C00D12090 /* Products */ = {
			isa = PBXGroup;
			children = (
				4D3D28151B558E5C00D12090 /* ListingBot.app */,
				4D3D28311B558E5C00D12090 /* ListingBotTests.xctest */,
			);
			name = Products;
			sourceTree = "<group>";
		};
		4D3D28171B558E5C00D12090 /* ListingBot */ = {
			isa = PBXGroup;
			children = (
				4D1466061B575E16007DB911 /* Custom Objects */,
				4D239A331B6BC968009DAC63 /* Scroll Navigation */,
				4D3D28251B558E5C00D12090 /* Main.storyboard */,
				4D3D281C1B558E5C00D12090 /* AppDelegate.h */,
				4D3D281D1B558E5C00D12090 /* AppDelegate.m */,
				4D3D28411B55946900D12090 /* ListingsViewController.h */,
				4D3D28421B55946900D12090 /* ListingsViewController.m */,
				4DC8B8861B55CAAC003F7777 /* FirstLaunch */,
				4D3D28281B558E5C00D12090 /* Images.xcassets */,
				4D3D282A1B558E5C00D12090 /* LaunchScreen.xib */,
				4D3D281F1B558E5C00D12090 /* ListingBot.xcdatamodeld */,
				4D2487051B599FA000845722 /* Resources */,
				4D3D28441B55965900D12090 /* Frameworks */,
				4D3D28181B558E5C00D12090 /* Supporting Files */,
			);
			path = ListingBot;
			sourceTree = "<group>";
		};
		4D3D28181B558E5C00D12090 /* Supporting Files */ = {
			isa = PBXGroup;
			children = (
				4D3D28191B558E5C00D12090 /* Info.plist */,
				4D3D281A1B558E5C00D12090 /* main.m */,
				4DC8B8781B559FDB003F7777 /* ParseKeys.plist */,
			);
			name = "Supporting Files";
			sourceTree = "<group>";
		};
		4D3D28341B558E5C00D12090 /* ListingBotTests */ = {
			isa = PBXGroup;
			children = (
				4D3D28371B558E5C00D12090 /* ListingBotTests.m */,
				4D3D28351B558E5C00D12090 /* Supporting Files */,
			);
			path = ListingBotTests;
			sourceTree = "<group>";
		};
		4D3D28351B558E5C00D12090 /* Supporting Files */ = {
			isa = PBXGroup;
			children = (
				4D3D28361B558E5C00D12090 /* Info.plist */,
			);
			name = "Supporting Files";
			sourceTree = "<group>";
		};
		4D3D28441B55965900D12090 /* Frameworks */ = {
			isa = PBXGroup;
			children = (
				4D3D285D1B5596F200D12090 /* libsqlite3.dylib */,
				4D3D285B1B5596E700D12090 /* libz.dylib */,
				4D3D28591B5596DD00D12090 /* SystemConfiguration.framework */,
				4D3D28571B5596D300D12090 /* StoreKit.framework */,
				4D3D28551B5596CD00D12090 /* Security.framework */,
				4D3D28531B5596C600D12090 /* QuartzCore.framework */,
				4D3D28511B5596BE00D12090 /* MobileCoreServices.framework */,
				4D3D284F1B5596B500D12090 /* CoreLocation.framework */,
				4D3D284D1B5596AC00D12090 /* CoreGraphics.framework */,
				4D3D284B1B5596A400D12090 /* CFNetwork.framework */,
				4D3D28491B55969E00D12090 /* AudioToolbox.framework */,
				4D3D28451B55968100D12090 /* Bolts.framework */,
				4D3D28461B55968100D12090 /* Parse.framework */,
			);
			name = Frameworks;
			path = ListingBot.xcodeproj;
			sourceTree = SOURCE_ROOT;
		};
		4DA7484A1B6DE83D0090A86E /* TableViewCells */ = {
			isa = PBXGroup;
			children = (
				4DA748481B6DE8340090A86E /* ItemTableViewCell.xib */,
				4DA7484B1B6DE8680090A86E /* ItemsTableViewCell.h */,
				4DA7484C1B6DE8680090A86E /* ItemsTableViewCell.m */,
				4DA7484E1B6DEF800090A86E /* SeperatorTableViewCell.xib */,
				4D1797671B700F5800140911 /* TextFieldCell.xib */,
				4D14EDC91B70528000DCFADC /* AddFieldTableViewCell.h */,
				4D14EDCA1B70528000DCFADC /* AddFieldTableViewCell.m */,
			);
			name = TableViewCells;
			sourceTree = "<group>";
		};
		4DC8B8861B55CAAC003F7777 /* FirstLaunch */ = {
			isa = PBXGroup;
			children = (
				4DC8B8831B55AA6A003F7777 /* FirstLaunchViewController.h */,
				4DC8B8841B55AA6A003F7777 /* FirstLaunchViewController.m */,
				4DC8B88A1B55E852003F7777 /* InfoViewController.h */,
				4DC8B88B1B55E852003F7777 /* InfoViewController.m */,
				4DC8B8871B55CAC5003F7777 /* ShareCodeViewController.h */,
				4DC8B8881B55CAC5003F7777 /* ShareCodeViewController.m */,
			);
			name = FirstLaunch;
			sourceTree = "<group>";
		};
		4DD0A7C61B7BDA9F00F93D27 /* Supporting Views */ = {
			isa = PBXGroup;
			children = (
				4D111E7E1B79601B00FB06EF /* ShareListViewController.h */,
				4D111E7F1B79601B00FB06EF /* ShareListViewController.m */,
				4DD0A7CA1B7BE59200F93D27 /* ListSettingsViewController.h */,
				4DD0A7CB1B7BE59200F93D27 /* ListSettingsViewController.m */,
			);
			name = "Supporting Views";
			sourceTree = "<group>";
		};
/* End PBXGroup section */

/* Begin PBXNativeTarget section */
		4D3D28141B558E5C00D12090 /* ListingBot */ = {
			isa = PBXNativeTarget;
			buildConfigurationList = 4D3D283B1B558E5C00D12090 /* Build configuration list for PBXNativeTarget "ListingBot" */;
			buildPhases = (
				4D3D28111B558E5C00D12090 /* Sources */,
				4D3D28121B558E5C00D12090 /* Frameworks */,
				4D3D28131B558E5C00D12090 /* Resources */,
			);
			buildRules = (
			);
			dependencies = (
			);
			name = ListingBot;
			productName = ListingBot;
			productReference = 4D3D28151B558E5C00D12090 /* ListingBot.app */;
			productType = "com.apple.product-type.application";
		};
		4D3D28301B558E5C00D12090 /* ListingBotTests */ = {
			isa = PBXNativeTarget;
			buildConfigurationList = 4D3D283E1B558E5C00D12090 /* Build configuration list for PBXNativeTarget "ListingBotTests" */;
			buildPhases = (
				4D3D282D1B558E5C00D12090 /* Sources */,
				4D3D282E1B558E5C00D12090 /* Frameworks */,
				4D3D282F1B558E5C00D12090 /* Resources */,
			);
			buildRules = (
			);
			dependencies = (
				4D3D28331B558E5C00D12090 /* PBXTargetDependency */,
			);
			name = ListingBotTests;
			productName = ListingBotTests;
			productReference = 4D3D28311B558E5C00D12090 /* ListingBotTests.xctest */;
			productType = "com.apple.product-type.bundle.unit-test";
		};
/* End PBXNativeTarget section */

/* Begin PBXProject section */
		4D3D280D1B558E5C00D12090 /* Project object */ = {
			isa = PBXProject;
			attributes = {
				LastUpgradeCheck = 0640;
				ORGANIZATIONNAME = "Robinson Bros.";
				TargetAttributes = {
					4D3D28141B558E5C00D12090 = {
						CreatedOnToolsVersion = 6.4;
						DevelopmentTeam = L7J2UJ9ZAV;
					};
					4D3D28301B558E5C00D12090 = {
						CreatedOnToolsVersion = 6.4;
						TestTargetID = 4D3D28141B558E5C00D12090;
					};
				};
			};
			buildConfigurationList = 4D3D28101B558E5C00D12090 /* Build configuration list for PBXProject "ListingBot" */;
			compatibilityVersion = "Xcode 3.2";
			developmentRegion = English;
			hasScannedForEncodings = 0;
			knownRegions = (
				en,
				Base,
			);
			mainGroup = 4D3D280C1B558E5C00D12090;
			productRefGroup = 4D3D28161B558E5C00D12090 /* Products */;
			projectDirPath = "";
			projectRoot = "";
			targets = (
				4D3D28141B558E5C00D12090 /* ListingBot */,
				4D3D28301B558E5C00D12090 /* ListingBotTests */,
			);
		};
/* End PBXProject section */

/* Begin PBXResourcesBuildPhase section */
		4D3D28131B558E5C00D12090 /* Resources */ = {
			isa = PBXResourcesBuildPhase;
			buildActionMask = 2147483647;
			files = (
				4DC8B8791B559FDB003F7777 /* ParseKeys.plist in Resources */,
				4D3D28271B558E5C00D12090 /* Main.storyboard in Resources */,
				4D1797681B700F5800140911 /* TextFieldCell.xib in Resources */,
				4D239A351B6BCA25009DAC63 /* ListView.xib in Resources */,
				4DA7484F1B6DEF800090A86E /* SeperatorTableViewCell.xib in Resources */,
				4D3D282C1B558E5C00D12090 /* LaunchScreen.xib in Resources */,
				4D2487071B599FB400845722 /* Basic_tick_64.png in Resources */,
				4DA748491B6DE8340090A86E /* ItemTableViewCell.xib in Resources */,
				4D3D28291B558E5C00D12090 /* Images.xcassets in Resources */,
			);
			runOnlyForDeploymentPostprocessing = 0;
		};
		4D3D282F1B558E5C00D12090 /* Resources */ = {
			isa = PBXResourcesBuildPhase;
			buildActionMask = 2147483647;
			files = (
			);
			runOnlyForDeploymentPostprocessing = 0;
		};
/* End PBXResourcesBuildPhase section */

/* Begin PBXSourcesBuildPhase section */
		4D3D28111B558E5C00D12090 /* Sources */ = {
			isa = PBXSourcesBuildPhase;
			buildActionMask = 2147483647;
			files = (
				4D13DBE81B6C2A140025B8F7 /* Item.m in Sources */,
				4D11D45C1B58CC1F002D73A0 /* User.m in Sources */,
				4D3D281E1B558E5C00D12090 /* AppDelegate.m in Sources */,
				4DD0A7CC1B7BE59200F93D27 /* ListSettingsViewController.m in Sources */,
				4D3D28211B558E5C00D12090 /* ListingBot.xcdatamodeld in Sources */,
				4DA7484D1B6DE8680090A86E /* ItemsTableViewCell.m in Sources */,
				4D3D281B1B558E5C00D12090 /* main.m in Sources */,
				4D3D28431B55946900D12090 /* ListingsViewController.m in Sources */,
				4DC8B8851B55AA6A003F7777 /* FirstLaunchViewController.m in Sources */,
				4D13DBE51B6C28740025B8F7 /* List.m in Sources */,
				4DC8B88C1B55E852003F7777 /* InfoViewController.m in Sources */,
				4DC8B8891B55CAC5003F7777 /* ShareCodeViewController.m in Sources */,
				4D239A3C1B6BCAF8009DAC63 /* ListViewController.m in Sources */,
				4D239A381B6BCA45009DAC63 /* ScrollNavigationViewController.m in Sources */,
				4D14EDCB1B70528000DCFADC /* AddFieldTableViewCell.m in Sources */,
				4D111E801B79601B00FB06EF /* ShareListViewController.m in Sources */,
			);
			runOnlyForDeploymentPostprocessing = 0;
		};
		4D3D282D1B558E5C00D12090 /* Sources */ = {
			isa = PBXSourcesBuildPhase;
			buildActionMask = 2147483647;
			files = (
				4D3D28381B558E5C00D12090 /* ListingBotTests.m in Sources */,
			);
			runOnlyForDeploymentPostprocessing = 0;
		};
/* End PBXSourcesBuildPhase section */

/* Begin PBXTargetDependency section */
		4D3D28331B558E5C00D12090 /* PBXTargetDependency */ = {
			isa = PBXTargetDependency;
			target = 4D3D28141B558E5C00D12090 /* ListingBot */;
			targetProxy = 4D3D28321B558E5C00D12090 /* PBXContainerItemProxy */;
		};
/* End PBXTargetDependency section */

/* Begin PBXVariantGroup section */
		4D3D28251B558E5C00D12090 /* Main.storyboard */ = {
			isa = PBXVariantGroup;
			children = (
				4D3D28261B558E5C00D12090 /* Base */,
			);
			name = Main.storyboard;
			sourceTree = "<group>";
		};
		4D3D282A1B558E5C00D12090 /* LaunchScreen.xib */ = {
			isa = PBXVariantGroup;
			children = (
				4D3D282B1B558E5C00D12090 /* Base */,
			);
			name = LaunchScreen.xib;
			sourceTree = "<group>";
		};
/* End PBXVariantGroup section */

/* Begin XCBuildConfiguration section */
		4D3D28391B558E5C00D12090 /* Debug */ = {
			isa = XCBuildConfiguration;
			buildSettings = {
				ALWAYS_SEARCH_USER_PATHS = NO;
				CLANG_CXX_LANGUAGE_STANDARD = "gnu++0x";
				CLANG_CXX_LIBRARY = "libc++";
				CLANG_ENABLE_MODULES = YES;
				CLANG_ENABLE_OBJC_ARC = YES;
				CLANG_WARN_BOOL_CONVERSION = YES;
				CLANG_WARN_CONSTANT_CONVERSION = YES;
				CLANG_WARN_DIRECT_OBJC_ISA_USAGE = YES_ERROR;
				CLANG_WARN_EMPTY_BODY = YES;
				CLANG_WARN_ENUM_CONVERSION = YES;
				CLANG_WARN_INT_CONVERSION = YES;
				CLANG_WARN_OBJC_ROOT_CLASS = YES_ERROR;
				CLANG_WARN_UNREACHABLE_CODE = YES;
				CLANG_WARN__DUPLICATE_METHOD_MATCH = YES;
				"CODE_SIGN_IDENTITY[sdk=iphoneos*]" = "iPhone Developer";
				COPY_PHASE_STRIP = NO;
				DEBUG_INFORMATION_FORMAT = "dwarf-with-dsym";
				ENABLE_STRICT_OBJC_MSGSEND = YES;
				GCC_C_LANGUAGE_STANDARD = gnu99;
				GCC_DYNAMIC_NO_PIC = NO;
				GCC_NO_COMMON_BLOCKS = YES;
				GCC_OPTIMIZATION_LEVEL = 0;
				GCC_PREPROCESSOR_DEFINITIONS = (
					"DEBUG=1",
					"$(inherited)",
				);
				GCC_SYMBOLS_PRIVATE_EXTERN = NO;
				GCC_WARN_64_TO_32_BIT_CONVERSION = YES;
				GCC_WARN_ABOUT_RETURN_TYPE = YES_ERROR;
				GCC_WARN_UNDECLARED_SELECTOR = YES;
				GCC_WARN_UNINITIALIZED_AUTOS = YES_AGGRESSIVE;
				GCC_WARN_UNUSED_FUNCTION = YES;
				GCC_WARN_UNUSED_VARIABLE = YES;
				IPHONEOS_DEPLOYMENT_TARGET = 8.4;
				MTL_ENABLE_DEBUG_INFO = YES;
				ONLY_ACTIVE_ARCH = YES;
				SDKROOT = iphoneos;
				TARGETED_DEVICE_FAMILY = "1,2";
			};
			name = Debug;
		};
		4D3D283A1B558E5C00D12090 /* Release */ = {
			isa = XCBuildConfiguration;
			buildSettings = {
				ALWAYS_SEARCH_USER_PATHS = NO;
				CLANG_CXX_LANGUAGE_STANDARD = "gnu++0x";
				CLANG_CXX_LIBRARY = "libc++";
				CLANG_ENABLE_MODULES = YES;
				CLANG_ENABLE_OBJC_ARC = YES;
				CLANG_WARN_BOOL_CONVERSION = YES;
				CLANG_WARN_CONSTANT_CONVERSION = YES;
				CLANG_WARN_DIRECT_OBJC_ISA_USAGE = YES_ERROR;
				CLANG_WARN_EMPTY_BODY = YES;
				CLANG_WARN_ENUM_CONVERSION = YES;
				CLANG_WARN_INT_CONVERSION = YES;
				CLANG_WARN_OBJC_ROOT_CLASS = YES_ERROR;
				CLANG_WARN_UNREACHABLE_CODE = YES;
				CLANG_WARN__DUPLICATE_METHOD_MATCH = YES;
				"CODE_SIGN_IDENTITY[sdk=iphoneos*]" = "iPhone Developer";
				COPY_PHASE_STRIP = NO;
				DEBUG_INFORMATION_FORMAT = "dwarf-with-dsym";
				ENABLE_NS_ASSERTIONS = NO;
				ENABLE_STRICT_OBJC_MSGSEND = YES;
				GCC_C_LANGUAGE_STANDARD = gnu99;
				GCC_NO_COMMON_BLOCKS = YES;
				GCC_WARN_64_TO_32_BIT_CONVERSION = YES;
				GCC_WARN_ABOUT_RETURN_TYPE = YES_ERROR;
				GCC_WARN_UNDECLARED_SELECTOR = YES;
				GCC_WARN_UNINITIALIZED_AUTOS = YES_AGGRESSIVE;
				GCC_WARN_UNUSED_FUNCTION = YES;
				GCC_WARN_UNUSED_VARIABLE = YES;
				IPHONEOS_DEPLOYMENT_TARGET = 8.4;
				MTL_ENABLE_DEBUG_INFO = NO;
				SDKROOT = iphoneos;
				TARGETED_DEVICE_FAMILY = "1,2";
				VALIDATE_PRODUCT = YES;
			};
			name = Release;
		};
		4D3D283C1B558E5C00D12090 /* Debug */ = {
			isa = XCBuildConfiguration;
			buildSettings = {
				ASSETCATALOG_COMPILER_APPICON_NAME = AppIcon;
				CODE_SIGN_IDENTITY = "iPhone Developer";
				"CODE_SIGN_IDENTITY[sdk=iphoneos*]" = "iPhone Developer";
				FRAMEWORK_SEARCH_PATHS = (
					"$(inherited)",
					"$(PROJECT_DIR)/ListingBot.xcodeproj",
				);
				INFOPLIST_FILE = ListingBot/Info.plist;
				IPHONEOS_DEPLOYMENT_TARGET = 8.0;
				LD_RUNPATH_SEARCH_PATHS = "$(inherited) @executable_path/Frameworks";
				PRODUCT_NAME = "$(TARGET_NAME)";
				PROVISIONING_PROFILE = "";
			};
			name = Debug;
		};
		4D3D283D1B558E5C00D12090 /* Release */ = {
			isa = XCBuildConfiguration;
			buildSettings = {
				ASSETCATALOG_COMPILER_APPICON_NAME = AppIcon;
				CODE_SIGN_IDENTITY = "iPhone Developer";
				"CODE_SIGN_IDENTITY[sdk=iphoneos*]" = "iPhone Developer";
				FRAMEWORK_SEARCH_PATHS = (
					"$(inherited)",
					"$(PROJECT_DIR)/ListingBot.xcodeproj",
				);
				INFOPLIST_FILE = ListingBot/Info.plist;
				IPHONEOS_DEPLOYMENT_TARGET = 8.0;
				LD_RUNPATH_SEARCH_PATHS = "$(inherited) @executable_path/Frameworks";
				PRODUCT_NAME = "$(TARGET_NAME)";
				PROVISIONING_PROFILE = "";
			};
			name = Release;
		};
		4D3D283F1B558E5C00D12090 /* Debug */ = {
			isa = XCBuildConfiguration;
			buildSettings = {
				BUNDLE_LOADER = "$(TEST_HOST)";
				FRAMEWORK_SEARCH_PATHS = (
					"$(SDKROOT)/Developer/Library/Frameworks",
					"$(inherited)",
				);
				GCC_PREPROCESSOR_DEFINITIONS = (
					"DEBUG=1",
					"$(inherited)",
				);
				INFOPLIST_FILE = ListingBotTests/Info.plist;
				LD_RUNPATH_SEARCH_PATHS = "$(inherited) @executable_path/Frameworks @loader_path/Frameworks";
				PRODUCT_NAME = "$(TARGET_NAME)";
				TEST_HOST = "$(BUILT_PRODUCTS_DIR)/ListingBot.app/ListingBot";
			};
			name = Debug;
		};
		4D3D28401B558E5C00D12090 /* Release */ = {
			isa = XCBuildConfiguration;
			buildSettings = {
				BUNDLE_LOADER = "$(TEST_HOST)";
				FRAMEWORK_SEARCH_PATHS = (
					"$(SDKROOT)/Developer/Library/Frameworks",
					"$(inherited)",
				);
				INFOPLIST_FILE = ListingBotTests/Info.plist;
				LD_RUNPATH_SEARCH_PATHS = "$(inherited) @executable_path/Frameworks @loader_path/Frameworks";
				PRODUCT_NAME = "$(TARGET_NAME)";
				TEST_HOST = "$(BUILT_PRODUCTS_DIR)/ListingBot.app/ListingBot";
			};
			name = Release;
		};
/* End XCBuildConfiguration section */

/* Begin XCConfigurationList section */
		4D3D28101B558E5C00D12090 /* Build configuration list for PBXProject "ListingBot" */ = {
			isa = XCConfigurationList;
			buildConfigurations = (
				4D3D28391B558E5C00D12090 /* Debug */,
				4D3D283A1B558E5C00D12090 /* Release */,
			);
			defaultConfigurationIsVisible = 0;
			defaultConfigurationName = Release;
		};
		4D3D283B1B558E5C00D12090 /* Build configuration list for PBXNativeTarget "ListingBot" */ = {
			isa = XCConfigurationList;
			buildConfigurations = (
				4D3D283C1B558E5C00D12090 /* Debug */,
				4D3D283D1B558E5C00D12090 /* Release */,
			);
			defaultConfigurationIsVisible = 0;
			defaultConfigurationName = Release;
		};
		4D3D283E1B558E5C00D12090 /* Build configuration list for PBXNativeTarget "ListingBotTests" */ = {
			isa = XCConfigurationList;
			buildConfigurations = (
				4D3D283F1B558E5C00D12090 /* Debug */,
				4D3D28401B558E5C00D12090 /* Release */,
			);
			defaultConfigurationIsVisible = 0;
			defaultConfigurationName = Release;
		};
/* End XCConfigurationList section */

/* Begin XCVersionGroup section */
		4D3D281F1B558E5C00D12090 /* ListingBot.xcdatamodeld */ = {
			isa = XCVersionGroup;
			children = (
				4D3D28201B558E5C00D12090 /* ListingBot.xcdatamodel */,
			);
			currentVersion = 4D3D28201B558E5C00D12090 /* ListingBot.xcdatamodel */;
			path = ListingBot.xcdatamodeld;
			sourceTree = "<group>";
			versionGroupType = wrapper.xcdatamodel;
		};
/* End XCVersionGroup section */
	};
	rootObject = 4D3D280D1B558E5C00D12090 /* Project object */;
}
